
Microsoft Visual Studio Solution File, Format Version 12.00
# Visual Studio Version 17
VisualStudioVersion = 17.2.32630.192
MinimumVisualStudioVersion = 10.0.40219.1
Project("{FAE04EC0-301F-11D3-BF4B-00C04F79EFBC}") = "Hurjui Andrei-Tiberiu-Rhombus", "Hurjui Andrei-Tiberiu-Rhombus\Hurjui Andrei-Tiberiu-Rhombus.csproj", "{ECFE9A42-5C96-428A-ACD9-4341CF1C9F01}"
EndProject
Global
	GlobalSection(SolutionConfigurationPlatforms) = preSolution
		Debug|Any CPU = Debug|Any CPU
		Release|Any CPU = Release|Any CPU
	EndGlobalSection
	GlobalSection(ProjectConfigurationPlatforms) = postSolution
		{ECFE9A42-5C96-428A-ACD9-4341CF1C9F01}.Debug|Any CPU.ActiveCfg = Debug|Any CPU
		{ECFE9A42-5C96-428A-ACD9-4341CF1C9F01}.Debug|Any CPU.Build.0 = Debug|Any CPU
		{ECFE9A42-5C96-428A-ACD9-4341CF1C9F01}.Release|Any CPU.ActiveCfg = Release|Any CPU
		{ECFE9A42-5C96-428A-ACD9-4341CF1C9F01}.Release|Any CPU.Build.0 = Release|Any CPU
	EndGlobalSection
	GlobalSection(SolutionProperties) = preSolution
		HideSolutionNode = FALSE
	EndGlobalSection
	GlobalSection(ExtensibilityGlobals) = postSolution
		SolutionGuid = {3B852008-237A-45A8-B372-5C8962B7CDF5}
	EndGlobalSection
EndGlobal
